<?xml version="1.0"?>
<CONFIG>
  <ProjectOptions>
    <Version Value="9"/>
    <PathDelim Value="\"/>
    <General>
      <Flags>
        <MainUnitHasCreateFormStatements Value="False"/>
      </Flags>
      <SessionStorage Value="InProjectDir"/>
      <MainUnit Value="0"/>
      <UseAppBundle Value="False"/>
      <ResourceType Value="res"/>
    </General>
    <i18n>
      <EnableI18N LFM="False"/>
    </i18n>
    <VersionInfo>
      <StringTable ProductVersion=""/>
    </VersionInfo>
    <BuildModes Count="3">
      <Item1 Name="Default" Default="True"/>
      <Item2 Name="Debug">
        <CompilerOptions>
          <Version Value="11"/>
          <PathDelim Value="\"/>
          <Target>
            <Filename Value="../bin32/TAMCR"/>
          </Target>
          <SearchPaths>
            <IncludeFiles Value="$(ProjOutDir);$Env(ZENGL)/headers"/>
            <OtherUnitFiles Value="$Env(ZENGL)/extra;$Env(ZENGL)/src;$Env(ZENGL)/headers;$Env(ZENGL)/lib/jpeg/$(TargetCPU)-$(TargetOS);$Env(ZENGL)/lib/msvcrt/$(TargetCPU);$Env(ZENGL)/lib/ogg/$(TargetCPU)-$(TargetOS);$Env(ZENGL)/lib/theora/$(TargetCPU)-$(TargetOS);$Env(ZENGL)/lib/zlib/$(TargetCPU)-$(TargetOS);$Env(ZENGL)/lib/zip/$(TargetCPU)-$(TargetOS);..\Src"/>
            <UnitOutputDirectory Value="lib"/>
          </SearchPaths>
          <Parsing>
            <SyntaxOptions>
              <IncludeAssertionCode Value="True"/>
            </SyntaxOptions>
          </Parsing>
          <CodeGeneration>
            <SmartLinkUnit Value="True"/>
            <Checks>
              <IOChecks Value="True"/>
              <RangeChecks Value="True"/>
              <OverflowChecks Value="True"/>
              <StackChecks Value="True"/>
            </Checks>
            <VerifyObjMethodCallValidity Value="True"/>
            <Optimizations>
              <OptimizationLevel Value="0"/>
            </Optimizations>
          </CodeGeneration>
          <Linking>
            <Debugging>
              <UseHeaptrc Value="True"/>
            </Debugging>
          </Linking>
          <Other>
            <CompilerMessages>
              <MsgFileName Value=""/>
            </CompilerMessages>
            <CompilerPath Value="$(CompPath)"/>
          </Other>
        </CompilerOptions>
      </Item2>
      <Item3 Name="Release">
        <CompilerOptions>
          <Version Value="11"/>
          <PathDelim Value="\"/>
          <Target>
            <Filename Value="../bin32/TAMCR"/>
          </Target>
          <SearchPaths>
            <IncludeFiles Value="$(ProjOutDir);$Env(ZENGL)/headers"/>
            <OtherUnitFiles Value="$Env(ZENGL)/headers;$Env(ZENGL)/extra;$Env(ZENGL)/src;$Env(ZENGL)/lib/jpeg/$(TargetCPU)-$(TargetOS);$Env(ZENGL)/lib/msvcrt/$(TargetCPU);$Env(ZENGL)/lib/ogg/$(TargetCPU)-$(TargetOS);$Env(ZENGL)/lib/theora/$(TargetCPU)-$(TargetOS);$Env(ZENGL)/lib/zlib/$(TargetCPU)-$(TargetOS);$Env(ZENGL)/lib/zip/$(TargetCPU)-$(TargetOS);..\Src;$Env(ZENGL)/src/Direct3D"/>
            <UnitOutputDirectory Value="lib"/>
          </SearchPaths>
          <CodeGeneration>
            <Optimizations>
              <VariablesInRegisters Value="True"/>
              <OptimizationLevel Value="3"/>
            </Optimizations>
          </CodeGeneration>
          <Linking>
            <Debugging>
              <GenerateDebugInfo Value="False"/>
              <UseLineInfoUnit Value="False"/>
            </Debugging>
            <Options>
              <Win32>
                <GraphicApplication Value="True"/>
              </Win32>
            </Options>
          </Linking>
          <Other>
            <CompilerMessages>
              <MsgFileName Value=""/>
            </CompilerMessages>
            <CompilerPath Value="$(CompPath)"/>
          </Other>
        </CompilerOptions>
      </Item3>
    </BuildModes>
    <PublishOptions>
      <Version Value="2"/>
      <IncludeFileFilter Value="*.(pas|pp|inc|lfm|lpr|lrs|lpi|lpk|sh|xml)"/>
      <ExcludeFileFilter Value="*.(bak|ppu|o|so);*~;backup"/>
    </PublishOptions>
    <RunParams>
      <local>
        <FormatVersion Value="1"/>
      </local>
    </RunParams>
    <Units Count="12">
      <Unit0>
        <Filename Value="TetrisAttackMCRemakeProject.lpr"/>
        <IsPartOfProject Value="True"/>
        <UnitName Value="TetrisAttackMCRemakeProject"/>
      </Unit0>
      <Unit1>
        <Filename Value="..\Src\GameApplicationUnit.pas"/>
        <IsPartOfProject Value="True"/>
        <UnitName Value="GameApplicationUnit"/>
      </Unit1>
      <Unit2>
        <Filename Value="..\Src\GameLogUnit.pas"/>
        <IsPartOfProject Value="True"/>
        <UnitName Value="GameLogUnit"/>
      </Unit2>
      <Unit3>
        <Filename Value="..\Src\GameConstUnit.pas"/>
        <IsPartOfProject Value="True"/>
        <UnitName Value="GameConstUnit"/>
      </Unit3>
      <Unit4>
        <Filename Value="..\Src\GameTurretUnit.pas"/>
        <IsPartOfProject Value="True"/>
        <UnitName Value="GameTurretUnit"/>
      </Unit4>
      <Unit5>
        <Filename Value="..\Src\GameThingUnit.pas"/>
        <IsPartOfProject Value="True"/>
        <UnitName Value="GameThingUnit"/>
      </Unit5>
      <Unit6>
        <Filename Value="..\Src\GameBullletUnit.pas"/>
        <IsPartOfProject Value="True"/>
        <UnitName Value="GameBullletUnit"/>
      </Unit6>
      <Unit7>
        <Filename Value="..\Src\GameExplosionAnimation.pas"/>
        <IsPartOfProject Value="True"/>
        <UnitName Value="GameExplosionAnimation"/>
      </Unit7>
      <Unit8>
        <Filename Value="..\Src\GameEmitFigure.pas"/>
        <IsPartOfProject Value="True"/>
        <UnitName Value="GameEmitFigure"/>
      </Unit8>
      <Unit9>
        <Filename Value="..\Src\GameFigureUnit.pas"/>
        <IsPartOfProject Value="True"/>
        <UnitName Value="GameFigureUnit"/>
      </Unit9>
      <Unit10>
        <Filename Value="..\Src\GamePresentationUnit.pas"/>
        <IsPartOfProject Value="True"/>
        <UnitName Value="GamePresentationUnit"/>
      </Unit10>
      <Unit11>
        <Filename Value="..\Src\GameStateUnit.pas"/>
        <IsPartOfProject Value="True"/>
        <UnitName Value="GameStateUnit"/>
      </Unit11>
    </Units>
  </ProjectOptions>
  <CompilerOptions>
    <Version Value="11"/>
    <PathDelim Value="\"/>
    <Target>
      <Filename Value="../TAMCR"/>
    </Target>
    <SearchPaths>
      <IncludeFiles Value="$(ProjOutDir);$Env(ZENGL)/headers"/>
      <OtherUnitFiles Value="$Env(ZENGL)/headers;$Env(ZENGL)/extra;$Env(ZENGL)/src;$Env(ZENGL)/lib/jpeg/$(TargetCPU)-$(TargetOS);$Env(ZENGL)/lib/msvcrt/$(TargetCPU);$Env(ZENGL)/lib/ogg/$(TargetCPU)-$(TargetOS);$Env(ZENGL)/lib/theora/$(TargetCPU)-$(TargetOS);$Env(ZENGL)/lib/zlib/$(TargetCPU)-$(TargetOS);$Env(ZENGL)/lib/zip/$(TargetCPU)-$(TargetOS)"/>
      <UnitOutputDirectory Value="../lib/$(TargetCPU)-$(TargetOS)"/>
    </SearchPaths>
    <Other>
      <CompilerMessages>
        <MsgFileName Value=""/>
      </CompilerMessages>
      <CompilerPath Value="$(CompPath)"/>
    </Other>
  </CompilerOptions>
  <Debugging>
    <Exceptions Count="3">
      <Item1>
        <Name Value="EAbort"/>
      </Item1>
      <Item2>
        <Name Value="ECodetoolError"/>
      </Item2>
      <Item3>
        <Name Value="EFOpenError"/>
      </Item3>
    </Exceptions>
  </Debugging>
</CONFIG>
